
Microsoft Visual Studio Solution File, Format Version 12.00
# Visual Studio 15
VisualStudioVersion = 15.0.28010.2036
MinimumVisualStudioVersion = 10.0.40219.1
Project("{FAE04EC0-301F-11D3-BF4B-00C04F79EFBC}") = "FineArtDemo", "FineArtDemo\FineArtDemo.csproj", "{22C0C256-EAEE-4427-BA75-60033B59BADB}"
EndProject
Global
	GlobalSection(SolutionConfigurationPlatforms) = preSolution
		Debug|Any CPU = Debug|Any CPU
		Release|Any CPU = Release|Any CPU
	EndGlobalSection
	GlobalSection(ProjectConfigurationPlatforms) = postSolution
		{22C0C256-EAEE-4427-BA75-60033B59BADB}.Debug|Any CPU.ActiveCfg = Debug|Any CPU
		{22C0C256-EAEE-4427-BA75-60033B59BADB}.Debug|Any CPU.Build.0 = Debug|Any CPU
		{22C0C256-EAEE-4427-BA75-60033B59BADB}.Release|Any CPU.ActiveCfg = Release|Any CPU
		{22C0C256-EAEE-4427-BA75-60033B59BADB}.Release|Any CPU.Build.0 = Release|Any CPU
	EndGlobalSection
	GlobalSection(SolutionProperties) = preSolution
		HideSolutionNode = FALSE
	EndGlobalSection
	GlobalSection(ExtensibilityGlobals) = postSolution
		SolutionGuid = {74504EDD-30C8-4A54-8123-6E0BECAD0DFF}
	EndGlobalSection
EndGlobal
